
Microsoft Visual Studio Solution File, Format Version 12.00
# Visual Studio Version 17
VisualStudioVersion = 17.10.34928.147
MinimumVisualStudioVersion = 10.0.40219.1
Project("{9A19103F-16F7-4668-BE54-9A1E7A4F7556}") = "Common.Client", "src\Common.Client\Common.Client.csproj", "{F3A685B5-A062-238C-4666-7D483C76A9D0}"
EndProject
Project("{9A19103F-16F7-4668-BE54-9A1E7A4F7556}") = "Tests", "src\Tests\Tests.csproj", "{6F7D7B24-3C24-3AEE-C9E5-6E0F7A98A6CB}"
EndProject
Project("{9A19103F-16F7-4668-BE54-9A1E7A4F7556}") = "Web.Blazor", "Web.Blazor\Web.Blazor.csproj", "{D22DDEE8-F17E-4C2E-914F-B71EAD99424D}"
EndProject
Project("{9A19103F-16F7-4668-BE54-9A1E7A4F7556}") = "Database.Client", "src\Database.Client\Database.Client.csproj", "{D2B7F29C-2154-4C13-A78F-DAEE65A35A16}"
EndProject
Project("{9A19103F-16F7-4668-BE54-9A1E7A4F7556}") = "Database.Server", "src\Database.Server\Database.Server.csproj", "{9EFB3A7C-F4FF-436F-A0E4-9EA572CAA560}"
EndProject
Project("{2150E333-8FDC-42A3-9474-1A3956D46DE8}") = "Api", "Api", "{9947A419-F92D-44FC-86AB-0CA37F23B987}"
EndProject
Project("{9A19103F-16F7-4668-BE54-9A1E7A4F7556}") = "Api.Common", "src\Api.Common\Api.Common.csproj", "{73517CA0-FC8C-47B8-90E2-818A14DBF713}"
EndProject
Project("{2150E333-8FDC-42A3-9474-1A3956D46DE8}") = "Database", "Database", "{048081BA-59FD-4C9F-8463-C8F11899457B}"
EndProject
Project("{9A19103F-16F7-4668-BE54-9A1E7A4F7556}") = "Common", "src\Common\Common.csproj", "{75D288F4-3B6A-492A-8046-A3E3D0E36FB7}"
EndProject
Project("{2150E333-8FDC-42A3-9474-1A3956D46DE8}") = ".start", ".start", "{291EE17C-F247-4694-84C8-2359D4BDA534}"
EndProject
Project("{9A19103F-16F7-4668-BE54-9A1E7A4F7556}") = "Avalonia.Desktop", "src\Avalonia.Desktop\Avalonia.Desktop.csproj", "{91420085-958A-43DA-BA34-D935BD0D1D2D}"
EndProject
Global
	GlobalSection(SolutionConfigurationPlatforms) = preSolution
		Debug|Any CPU = Debug|Any CPU
		Debug|x64 = Debug|x64
		Debug-Linux|Any CPU = Debug-Linux|Any CPU
		Debug-Linux|x64 = Debug-Linux|x64
		Release|Any CPU = Release|Any CPU
		Release|x64 = Release|x64
	EndGlobalSection
	GlobalSection(ProjectConfigurationPlatforms) = postSolution
		{F3A685B5-A062-238C-4666-7D483C76A9D0}.Debug|Any CPU.ActiveCfg = Debug|Any CPU
		{F3A685B5-A062-238C-4666-7D483C76A9D0}.Debug|Any CPU.Build.0 = Debug|Any CPU
		{F3A685B5-A062-238C-4666-7D483C76A9D0}.Debug|x64.ActiveCfg = Debug|Any CPU
		{F3A685B5-A062-238C-4666-7D483C76A9D0}.Debug|x64.Build.0 = Debug|Any CPU
		{F3A685B5-A062-238C-4666-7D483C76A9D0}.Debug-Linux|Any CPU.ActiveCfg = Debug-Linux|Any CPU
		{F3A685B5-A062-238C-4666-7D483C76A9D0}.Debug-Linux|Any CPU.Build.0 = Debug-Linux|Any CPU
		{F3A685B5-A062-238C-4666-7D483C76A9D0}.Debug-Linux|x64.ActiveCfg = Debug-Linux|Any CPU
		{F3A685B5-A062-238C-4666-7D483C76A9D0}.Debug-Linux|x64.Build.0 = Debug-Linux|Any CPU
		{F3A685B5-A062-238C-4666-7D483C76A9D0}.Release|Any CPU.ActiveCfg = Release|Any CPU
		{F3A685B5-A062-238C-4666-7D483C76A9D0}.Release|Any CPU.Build.0 = Release|Any CPU
		{F3A685B5-A062-238C-4666-7D483C76A9D0}.Release|x64.ActiveCfg = Release|Any CPU
		{F3A685B5-A062-238C-4666-7D483C76A9D0}.Release|x64.Build.0 = Release|Any CPU
		{6F7D7B24-3C24-3AEE-C9E5-6E0F7A98A6CB}.Debug|Any CPU.ActiveCfg = Debug|Any CPU
		{6F7D7B24-3C24-3AEE-C9E5-6E0F7A98A6CB}.Debug|Any CPU.Build.0 = Debug|Any CPU
		{6F7D7B24-3C24-3AEE-C9E5-6E0F7A98A6CB}.Debug|x64.ActiveCfg = Debug|Any CPU
		{6F7D7B24-3C24-3AEE-C9E5-6E0F7A98A6CB}.Debug|x64.Build.0 = Debug|Any CPU
		{6F7D7B24-3C24-3AEE-C9E5-6E0F7A98A6CB}.Debug-Linux|Any CPU.ActiveCfg = Debug-Linux|Any CPU
		{6F7D7B24-3C24-3AEE-C9E5-6E0F7A98A6CB}.Debug-Linux|Any CPU.Build.0 = Debug-Linux|Any CPU
		{6F7D7B24-3C24-3AEE-C9E5-6E0F7A98A6CB}.Debug-Linux|x64.ActiveCfg = Debug-Linux|Any CPU
		{6F7D7B24-3C24-3AEE-C9E5-6E0F7A98A6CB}.Debug-Linux|x64.Build.0 = Debug-Linux|Any CPU
		{6F7D7B24-3C24-3AEE-C9E5-6E0F7A98A6CB}.Release|Any CPU.ActiveCfg = Release|Any CPU
		{6F7D7B24-3C24-3AEE-C9E5-6E0F7A98A6CB}.Release|Any CPU.Build.0 = Release|Any CPU
		{6F7D7B24-3C24-3AEE-C9E5-6E0F7A98A6CB}.Release|x64.ActiveCfg = Release|Any CPU
		{6F7D7B24-3C24-3AEE-C9E5-6E0F7A98A6CB}.Release|x64.Build.0 = Release|Any CPU
		{D22DDEE8-F17E-4C2E-914F-B71EAD99424D}.Debug|Any CPU.ActiveCfg = Debug|Any CPU
		{D22DDEE8-F17E-4C2E-914F-B71EAD99424D}.Debug|Any CPU.Build.0 = Debug|Any CPU
		{D22DDEE8-F17E-4C2E-914F-B71EAD99424D}.Debug|x64.ActiveCfg = Debug|Any CPU
		{D22DDEE8-F17E-4C2E-914F-B71EAD99424D}.Debug|x64.Build.0 = Debug|Any CPU
		{D22DDEE8-F17E-4C2E-914F-B71EAD99424D}.Debug-Linux|Any CPU.ActiveCfg = Debug|Any CPU
		{D22DDEE8-F17E-4C2E-914F-B71EAD99424D}.Debug-Linux|Any CPU.Build.0 = Debug|Any CPU
		{D22DDEE8-F17E-4C2E-914F-B71EAD99424D}.Debug-Linux|x64.ActiveCfg = Debug|Any CPU
		{D22DDEE8-F17E-4C2E-914F-B71EAD99424D}.Debug-Linux|x64.Build.0 = Debug|Any CPU
		{D22DDEE8-F17E-4C2E-914F-B71EAD99424D}.Release|Any CPU.ActiveCfg = Release|Any CPU
		{D22DDEE8-F17E-4C2E-914F-B71EAD99424D}.Release|Any CPU.Build.0 = Release|Any CPU
		{D22DDEE8-F17E-4C2E-914F-B71EAD99424D}.Release|x64.ActiveCfg = Release|Any CPU
		{D22DDEE8-F17E-4C2E-914F-B71EAD99424D}.Release|x64.Build.0 = Release|Any CPU
		{D2B7F29C-2154-4C13-A78F-DAEE65A35A16}.Debug|Any CPU.ActiveCfg = Debug|Any CPU
		{D2B7F29C-2154-4C13-A78F-DAEE65A35A16}.Debug|Any CPU.Build.0 = Debug|Any CPU
		{D2B7F29C-2154-4C13-A78F-DAEE65A35A16}.Debug|x64.ActiveCfg = Debug|Any CPU
		{D2B7F29C-2154-4C13-A78F-DAEE65A35A16}.Debug|x64.Build.0 = Debug|Any CPU
		{D2B7F29C-2154-4C13-A78F-DAEE65A35A16}.Debug-Linux|Any CPU.ActiveCfg = Debug|Any CPU
		{D2B7F29C-2154-4C13-A78F-DAEE65A35A16}.Debug-Linux|Any CPU.Build.0 = Debug|Any CPU
		{D2B7F29C-2154-4C13-A78F-DAEE65A35A16}.Debug-Linux|x64.ActiveCfg = Debug|Any CPU
		{D2B7F29C-2154-4C13-A78F-DAEE65A35A16}.Debug-Linux|x64.Build.0 = Debug|Any CPU
		{D2B7F29C-2154-4C13-A78F-DAEE65A35A16}.Release|Any CPU.ActiveCfg = Release|Any CPU
		{D2B7F29C-2154-4C13-A78F-DAEE65A35A16}.Release|Any CPU.Build.0 = Release|Any CPU
		{D2B7F29C-2154-4C13-A78F-DAEE65A35A16}.Release|x64.ActiveCfg = Release|Any CPU
		{D2B7F29C-2154-4C13-A78F-DAEE65A35A16}.Release|x64.Build.0 = Release|Any CPU
		{9EFB3A7C-F4FF-436F-A0E4-9EA572CAA560}.Debug|Any CPU.ActiveCfg = Debug|Any CPU
		{9EFB3A7C-F4FF-436F-A0E4-9EA572CAA560}.Debug|Any CPU.Build.0 = Debug|Any CPU
		{9EFB3A7C-F4FF-436F-A0E4-9EA572CAA560}.Debug|x64.ActiveCfg = Debug|Any CPU
		{9EFB3A7C-F4FF-436F-A0E4-9EA572CAA560}.Debug|x64.Build.0 = Debug|Any CPU
		{9EFB3A7C-F4FF-436F-A0E4-9EA572CAA560}.Debug-Linux|Any CPU.ActiveCfg = Debug|Any CPU
		{9EFB3A7C-F4FF-436F-A0E4-9EA572CAA560}.Debug-Linux|Any CPU.Build.0 = Debug|Any CPU
		{9EFB3A7C-F4FF-436F-A0E4-9EA572CAA560}.Debug-Linux|x64.ActiveCfg = Debug|Any CPU
		{9EFB3A7C-F4FF-436F-A0E4-9EA572CAA560}.Debug-Linux|x64.Build.0 = Debug|Any CPU
		{9EFB3A7C-F4FF-436F-A0E4-9EA572CAA560}.Release|Any CPU.ActiveCfg = Release|Any CPU
		{9EFB3A7C-F4FF-436F-A0E4-9EA572CAA560}.Release|Any CPU.Build.0 = Release|Any CPU
		{9EFB3A7C-F4FF-436F-A0E4-9EA572CAA560}.Release|x64.ActiveCfg = Release|Any CPU
		{9EFB3A7C-F4FF-436F-A0E4-9EA572CAA560}.Release|x64.Build.0 = Release|Any CPU
		{73517CA0-FC8C-47B8-90E2-818A14DBF713}.Debug|Any CPU.ActiveCfg = Debug|Any CPU
		{73517CA0-FC8C-47B8-90E2-818A14DBF713}.Debug|Any CPU.Build.0 = Debug|Any CPU
		{73517CA0-FC8C-47B8-90E2-818A14DBF713}.Debug|x64.ActiveCfg = Debug|Any CPU
		{73517CA0-FC8C-47B8-90E2-818A14DBF713}.Debug|x64.Build.0 = Debug|Any CPU
		{73517CA0-FC8C-47B8-90E2-818A14DBF713}.Debug-Linux|Any CPU.ActiveCfg = Debug-Linux|Any CPU
		{73517CA0-FC8C-47B8-90E2-818A14DBF713}.Debug-Linux|Any CPU.Build.0 = Debug-Linux|Any CPU
		{73517CA0-FC8C-47B8-90E2-818A14DBF713}.Debug-Linux|x64.ActiveCfg = Debug-Linux|Any CPU
		{73517CA0-FC8C-47B8-90E2-818A14DBF713}.Debug-Linux|x64.Build.0 = Debug-Linux|Any CPU
		{73517CA0-FC8C-47B8-90E2-818A14DBF713}.Release|Any CPU.ActiveCfg = Release|Any CPU
		{73517CA0-FC8C-47B8-90E2-818A14DBF713}.Release|Any CPU.Build.0 = Release|Any CPU
		{73517CA0-FC8C-47B8-90E2-818A14DBF713}.Release|x64.ActiveCfg = Release|Any CPU
		{73517CA0-FC8C-47B8-90E2-818A14DBF713}.Release|x64.Build.0 = Release|Any CPU
		{75D288F4-3B6A-492A-8046-A3E3D0E36FB7}.Debug|Any CPU.ActiveCfg = Debug|Any CPU
		{75D288F4-3B6A-492A-8046-A3E3D0E36FB7}.Debug|Any CPU.Build.0 = Debug|Any CPU
		{75D288F4-3B6A-492A-8046-A3E3D0E36FB7}.Debug|x64.ActiveCfg = Debug|Any CPU
		{75D288F4-3B6A-492A-8046-A3E3D0E36FB7}.Debug|x64.Build.0 = Debug|Any CPU
		{75D288F4-3B6A-492A-8046-A3E3D0E36FB7}.Debug-Linux|Any CPU.ActiveCfg = Debug-Linux|Any CPU
		{75D288F4-3B6A-492A-8046-A3E3D0E36FB7}.Debug-Linux|Any CPU.Build.0 = Debug-Linux|Any CPU
		{75D288F4-3B6A-492A-8046-A3E3D0E36FB7}.Debug-Linux|x64.ActiveCfg = Debug-Linux|Any CPU
		{75D288F4-3B6A-492A-8046-A3E3D0E36FB7}.Debug-Linux|x64.Build.0 = Debug-Linux|Any CPU
		{75D288F4-3B6A-492A-8046-A3E3D0E36FB7}.Release|Any CPU.ActiveCfg = Release|Any CPU
		{75D288F4-3B6A-492A-8046-A3E3D0E36FB7}.Release|Any CPU.Build.0 = Release|Any CPU
		{75D288F4-3B6A-492A-8046-A3E3D0E36FB7}.Release|x64.ActiveCfg = Release|Any CPU
		{75D288F4-3B6A-492A-8046-A3E3D0E36FB7}.Release|x64.Build.0 = Release|Any CPU
		{91420085-958A-43DA-BA34-D935BD0D1D2D}.Debug|Any CPU.ActiveCfg = Debug|Any CPU
		{91420085-958A-43DA-BA34-D935BD0D1D2D}.Debug|Any CPU.Build.0 = Debug|Any CPU
		{91420085-958A-43DA-BA34-D935BD0D1D2D}.Debug|x64.ActiveCfg = Debug|Any CPU
		{91420085-958A-43DA-BA34-D935BD0D1D2D}.Debug|x64.Build.0 = Debug|Any CPU
		{91420085-958A-43DA-BA34-D935BD0D1D2D}.Debug-Linux|Any CPU.ActiveCfg = Debug-Linux|Any CPU
		{91420085-958A-43DA-BA34-D935BD0D1D2D}.Debug-Linux|Any CPU.Build.0 = Debug-Linux|Any CPU
		{91420085-958A-43DA-BA34-D935BD0D1D2D}.Debug-Linux|x64.ActiveCfg = Debug-Linux|Any CPU
		{91420085-958A-43DA-BA34-D935BD0D1D2D}.Debug-Linux|x64.Build.0 = Debug-Linux|Any CPU
		{91420085-958A-43DA-BA34-D935BD0D1D2D}.Release|Any CPU.ActiveCfg = Release|Any CPU
		{91420085-958A-43DA-BA34-D935BD0D1D2D}.Release|Any CPU.Build.0 = Release|Any CPU
		{91420085-958A-43DA-BA34-D935BD0D1D2D}.Release|x64.ActiveCfg = Release|Any CPU
		{91420085-958A-43DA-BA34-D935BD0D1D2D}.Release|x64.Build.0 = Release|Any CPU
	EndGlobalSection
	GlobalSection(SolutionProperties) = preSolution
		HideSolutionNode = FALSE
	EndGlobalSection
	GlobalSection(NestedProjects) = preSolution
		{D22DDEE8-F17E-4C2E-914F-B71EAD99424D} = {291EE17C-F247-4694-84C8-2359D4BDA534}
		{D2B7F29C-2154-4C13-A78F-DAEE65A35A16} = {048081BA-59FD-4C9F-8463-C8F11899457B}
		{9EFB3A7C-F4FF-436F-A0E4-9EA572CAA560} = {048081BA-59FD-4C9F-8463-C8F11899457B}
		{73517CA0-FC8C-47B8-90E2-818A14DBF713} = {9947A419-F92D-44FC-86AB-0CA37F23B987}
		{91420085-958A-43DA-BA34-D935BD0D1D2D} = {291EE17C-F247-4694-84C8-2359D4BDA534}
	EndGlobalSection
	GlobalSection(ExtensibilityGlobals) = postSolution
		SolutionGuid = {97D33CBA-0893-4256-A10D-471F81501360}
	EndGlobalSection
EndGlobal
