Microsoft Visual Studio Solution File, Format Version 12.00
# Visual Studio Version 17
VisualStudioVersion = 17.10.34928.147
MinimumVisualStudioVersion = 10.0.40219.1
Project("{9A19103F-16F7-4668-BE54-9A1E7A4F7556}") = "Avalonia.Core", "src\Avalonia\Core\Avalonia.Core.csproj", "{06045BCD-DCA4-C82C-5D56-2CD690E99D96}"
EndProject
Project("{9A19103F-16F7-4668-BE54-9A1E7A4F7556}") = "Avalonia.Desktop", "src\Avalonia\Desktop\Avalonia.Desktop.csproj", "{D2771E87-CD33-0599-0A7A-2F46F8A2443E}"
EndProject
Project("{9A19103F-16F7-4668-BE54-9A1E7A4F7556}") = "Common.Client", "src\Common.Client\Common.Client.csproj", "{F3A685B5-A062-238C-4666-7D483C76A9D0}"
EndProject
Project("{9A19103F-16F7-4668-BE54-9A1E7A4F7556}") = "Common", "src\Common\Common.csproj", "{137177D7-7C7E-74DF-6A6A-083395B49FB5}"
EndProject
Project("{9A19103F-16F7-4668-BE54-9A1E7A4F7556}") = "Telegram", "src\Telegram\Telegram.csproj", "{27CC90D3-2281-5078-921A-168DC1144ABF}"
EndProject
Project("{9A19103F-16F7-4668-BE54-9A1E7A4F7556}") = "Tests", "src\Tests\Tests.csproj", "{6F7D7B24-3C24-3AEE-C9E5-6E0F7A98A6CB}"
EndProject
Project("{54A90642-561A-4BB1-A94E-469ADEE60C69}") = "Web.Client", "Web.Client\Web.Client.esproj", "{A2D0DB2E-3258-AA4D-8099-5DD0C7C60F7D}"
EndProject
Project("{9A19103F-16F7-4668-BE54-9A1E7A4F7556}") = "Web.Server", "Web.Server\Web.Server.csproj", "{04B77157-0AA6-9355-C4FC-83D5055EEC2F}"
EndProject
Global
	GlobalSection(SolutionConfigurationPlatforms) = preSolution
		Debug|Any CPU = Debug|Any CPU
		Debug|x64 = Debug|x64
		Debug-Linux|Any CPU = Debug-Linux|Any CPU
		Debug-Linux|x64 = Debug-Linux|x64
		Release|Any CPU = Release|Any CPU
		Release|x64 = Release|x64
	EndGlobalSection
	GlobalSection(ProjectConfigurationPlatforms) = postSolution
		{06045BCD-DCA4-C82C-5D56-2CD690E99D96}.Debug|Any CPU.ActiveCfg = Debug|Any CPU
		{06045BCD-DCA4-C82C-5D56-2CD690E99D96}.Debug|Any CPU.Build.0 = Debug|Any CPU
		{06045BCD-DCA4-C82C-5D56-2CD690E99D96}.Debug|x64.ActiveCfg = Debug|Any CPU
		{06045BCD-DCA4-C82C-5D56-2CD690E99D96}.Debug|x64.Build.0 = Debug|Any CPU
		{06045BCD-DCA4-C82C-5D56-2CD690E99D96}.Debug-Linux|Any CPU.ActiveCfg = Debug-Linux|Any CPU
		{06045BCD-DCA4-C82C-5D56-2CD690E99D96}.Debug-Linux|Any CPU.Build.0 = Debug-Linux|Any CPU
		{06045BCD-DCA4-C82C-5D56-2CD690E99D96}.Debug-Linux|x64.ActiveCfg = Debug-Linux|Any CPU
		{06045BCD-DCA4-C82C-5D56-2CD690E99D96}.Debug-Linux|x64.Build.0 = Debug-Linux|Any CPU
		{06045BCD-DCA4-C82C-5D56-2CD690E99D96}.Release|Any CPU.ActiveCfg = Release|Any CPU
		{06045BCD-DCA4-C82C-5D56-2CD690E99D96}.Release|Any CPU.Build.0 = Release|Any CPU
		{06045BCD-DCA4-C82C-5D56-2CD690E99D96}.Release|x64.ActiveCfg = Release|Any CPU
		{06045BCD-DCA4-C82C-5D56-2CD690E99D96}.Release|x64.Build.0 = Release|Any CPU
		{D2771E87-CD33-0599-0A7A-2F46F8A2443E}.Debug|Any CPU.ActiveCfg = Debug|Any CPU
		{D2771E87-CD33-0599-0A7A-2F46F8A2443E}.Debug|Any CPU.Build.0 = Debug|Any CPU
		{D2771E87-CD33-0599-0A7A-2F46F8A2443E}.Debug|x64.ActiveCfg = Debug|Any CPU
		{D2771E87-CD33-0599-0A7A-2F46F8A2443E}.Debug|x64.Build.0 = Debug|Any CPU
		{D2771E87-CD33-0599-0A7A-2F46F8A2443E}.Debug-Linux|Any CPU.ActiveCfg = Debug-Linux|Any CPU
		{D2771E87-CD33-0599-0A7A-2F46F8A2443E}.Debug-Linux|Any CPU.Build.0 = Debug-Linux|Any CPU
		{D2771E87-CD33-0599-0A7A-2F46F8A2443E}.Debug-Linux|x64.ActiveCfg = Debug-Linux|Any CPU
		{D2771E87-CD33-0599-0A7A-2F46F8A2443E}.Debug-Linux|x64.Build.0 = Debug-Linux|Any CPU
		{D2771E87-CD33-0599-0A7A-2F46F8A2443E}.Release|Any CPU.ActiveCfg = Release|Any CPU
		{D2771E87-CD33-0599-0A7A-2F46F8A2443E}.Release|Any CPU.Build.0 = Release|Any CPU
		{D2771E87-CD33-0599-0A7A-2F46F8A2443E}.Release|x64.ActiveCfg = Release|Any CPU
		{D2771E87-CD33-0599-0A7A-2F46F8A2443E}.Release|x64.Build.0 = Release|Any CPU
		{F3A685B5-A062-238C-4666-7D483C76A9D0}.Debug|Any CPU.ActiveCfg = Debug|Any CPU
		{F3A685B5-A062-238C-4666-7D483C76A9D0}.Debug|Any CPU.Build.0 = Debug|Any CPU
		{F3A685B5-A062-238C-4666-7D483C76A9D0}.Debug|x64.ActiveCfg = Debug|Any CPU
		{F3A685B5-A062-238C-4666-7D483C76A9D0}.Debug|x64.Build.0 = Debug|Any CPU
		{F3A685B5-A062-238C-4666-7D483C76A9D0}.Debug-Linux|Any CPU.ActiveCfg = Debug-Linux|Any CPU
		{F3A685B5-A062-238C-4666-7D483C76A9D0}.Debug-Linux|Any CPU.Build.0 = Debug-Linux|Any CPU
		{F3A685B5-A062-238C-4666-7D483C76A9D0}.Debug-Linux|x64.ActiveCfg = Debug-Linux|Any CPU
		{F3A685B5-A062-238C-4666-7D483C76A9D0}.Debug-Linux|x64.Build.0 = Debug-Linux|Any CPU
		{F3A685B5-A062-238C-4666-7D483C76A9D0}.Release|Any CPU.ActiveCfg = Release|Any CPU
		{F3A685B5-A062-238C-4666-7D483C76A9D0}.Release|Any CPU.Build.0 = Release|Any CPU
		{F3A685B5-A062-238C-4666-7D483C76A9D0}.Release|x64.ActiveCfg = Release|Any CPU
		{F3A685B5-A062-238C-4666-7D483C76A9D0}.Release|x64.Build.0 = Release|Any CPU
		{137177D7-7C7E-74DF-6A6A-083395B49FB5}.Debug|Any CPU.ActiveCfg = Debug|Any CPU
		{137177D7-7C7E-74DF-6A6A-083395B49FB5}.Debug|Any CPU.Build.0 = Debug|Any CPU
		{137177D7-7C7E-74DF-6A6A-083395B49FB5}.Debug|x64.ActiveCfg = Debug|Any CPU
		{137177D7-7C7E-74DF-6A6A-083395B49FB5}.Debug|x64.Build.0 = Debug|Any CPU
		{137177D7-7C7E-74DF-6A6A-083395B49FB5}.Debug-Linux|Any CPU.ActiveCfg = Debug-Linux|Any CPU
		{137177D7-7C7E-74DF-6A6A-083395B49FB5}.Debug-Linux|Any CPU.Build.0 = Debug-Linux|Any CPU
		{137177D7-7C7E-74DF-6A6A-083395B49FB5}.Debug-Linux|x64.ActiveCfg = Debug-Linux|Any CPU
		{137177D7-7C7E-74DF-6A6A-083395B49FB5}.Debug-Linux|x64.Build.0 = Debug-Linux|Any CPU
		{137177D7-7C7E-74DF-6A6A-083395B49FB5}.Release|Any CPU.ActiveCfg = Release|Any CPU
		{137177D7-7C7E-74DF-6A6A-083395B49FB5}.Release|Any CPU.Build.0 = Release|Any CPU
		{137177D7-7C7E-74DF-6A6A-083395B49FB5}.Release|x64.ActiveCfg = Release|Any CPU
		{137177D7-7C7E-74DF-6A6A-083395B49FB5}.Release|x64.Build.0 = Release|Any CPU
		{27CC90D3-2281-5078-921A-168DC1144ABF}.Debug|Any CPU.ActiveCfg = Debug|Any CPU
		{27CC90D3-2281-5078-921A-168DC1144ABF}.Debug|Any CPU.Build.0 = Debug|Any CPU
		{27CC90D3-2281-5078-921A-168DC1144ABF}.Debug|x64.ActiveCfg = Debug|Any CPU
		{27CC90D3-2281-5078-921A-168DC1144ABF}.Debug|x64.Build.0 = Debug|Any CPU
		{27CC90D3-2281-5078-921A-168DC1144ABF}.Debug-Linux|Any CPU.ActiveCfg = Debug|Any CPU
		{27CC90D3-2281-5078-921A-168DC1144ABF}.Debug-Linux|Any CPU.Build.0 = Debug|Any CPU
		{27CC90D3-2281-5078-921A-168DC1144ABF}.Debug-Linux|x64.ActiveCfg = Debug|Any CPU
		{27CC90D3-2281-5078-921A-168DC1144ABF}.Debug-Linux|x64.Build.0 = Debug|Any CPU
		{27CC90D3-2281-5078-921A-168DC1144ABF}.Release|Any CPU.ActiveCfg = Release|Any CPU
		{27CC90D3-2281-5078-921A-168DC1144ABF}.Release|Any CPU.Build.0 = Release|Any CPU
		{27CC90D3-2281-5078-921A-168DC1144ABF}.Release|x64.ActiveCfg = Release|Any CPU
		{27CC90D3-2281-5078-921A-168DC1144ABF}.Release|x64.Build.0 = Release|Any CPU
		{6F7D7B24-3C24-3AEE-C9E5-6E0F7A98A6CB}.Debug|Any CPU.ActiveCfg = Debug|Any CPU
		{6F7D7B24-3C24-3AEE-C9E5-6E0F7A98A6CB}.Debug|Any CPU.Build.0 = Debug|Any CPU
		{6F7D7B24-3C24-3AEE-C9E5-6E0F7A98A6CB}.Debug|x64.ActiveCfg = Debug|Any CPU
		{6F7D7B24-3C24-3AEE-C9E5-6E0F7A98A6CB}.Debug|x64.Build.0 = Debug|Any CPU
		{6F7D7B24-3C24-3AEE-C9E5-6E0F7A98A6CB}.Debug-Linux|Any CPU.ActiveCfg = Debug-Linux|Any CPU
		{6F7D7B24-3C24-3AEE-C9E5-6E0F7A98A6CB}.Debug-Linux|Any CPU.Build.0 = Debug-Linux|Any CPU
		{6F7D7B24-3C24-3AEE-C9E5-6E0F7A98A6CB}.Debug-Linux|x64.ActiveCfg = Debug-Linux|Any CPU
		{6F7D7B24-3C24-3AEE-C9E5-6E0F7A98A6CB}.Debug-Linux|x64.Build.0 = Debug-Linux|Any CPU
		{6F7D7B24-3C24-3AEE-C9E5-6E0F7A98A6CB}.Release|Any CPU.ActiveCfg = Release|Any CPU
		{6F7D7B24-3C24-3AEE-C9E5-6E0F7A98A6CB}.Release|Any CPU.Build.0 = Release|Any CPU
		{6F7D7B24-3C24-3AEE-C9E5-6E0F7A98A6CB}.Release|x64.ActiveCfg = Release|Any CPU
		{6F7D7B24-3C24-3AEE-C9E5-6E0F7A98A6CB}.Release|x64.Build.0 = Release|Any CPU
		{A2D0DB2E-3258-AA4D-8099-5DD0C7C60F7D}.Debug|Any CPU.ActiveCfg = Debug|Any CPU
		{A2D0DB2E-3258-AA4D-8099-5DD0C7C60F7D}.Debug|Any CPU.Build.0 = Debug|Any CPU
		{A2D0DB2E-3258-AA4D-8099-5DD0C7C60F7D}.Debug|Any CPU.Deploy.0 = Debug|Any CPU
		{A2D0DB2E-3258-AA4D-8099-5DD0C7C60F7D}.Debug|x64.ActiveCfg = Debug|Any CPU
		{A2D0DB2E-3258-AA4D-8099-5DD0C7C60F7D}.Debug|x64.Build.0 = Debug|Any CPU
		{A2D0DB2E-3258-AA4D-8099-5DD0C7C60F7D}.Debug|x64.Deploy.0 = Debug|Any CPU
		{A2D0DB2E-3258-AA4D-8099-5DD0C7C60F7D}.Debug-Linux|Any CPU.ActiveCfg = Debug|Any CPU
		{A2D0DB2E-3258-AA4D-8099-5DD0C7C60F7D}.Debug-Linux|Any CPU.Build.0 = Debug|Any CPU
		{A2D0DB2E-3258-AA4D-8099-5DD0C7C60F7D}.Debug-Linux|Any CPU.Deploy.0 = Debug|Any CPU
		{A2D0DB2E-3258-AA4D-8099-5DD0C7C60F7D}.Debug-Linux|x64.ActiveCfg = Debug|Any CPU
		{A2D0DB2E-3258-AA4D-8099-5DD0C7C60F7D}.Debug-Linux|x64.Build.0 = Debug|Any CPU
		{A2D0DB2E-3258-AA4D-8099-5DD0C7C60F7D}.Debug-Linux|x64.Deploy.0 = Debug|Any CPU
		{A2D0DB2E-3258-AA4D-8099-5DD0C7C60F7D}.Release|Any CPU.ActiveCfg = Release|Any CPU
		{A2D0DB2E-3258-AA4D-8099-5DD0C7C60F7D}.Release|Any CPU.Build.0 = Release|Any CPU
		{A2D0DB2E-3258-AA4D-8099-5DD0C7C60F7D}.Release|Any CPU.Deploy.0 = Release|Any CPU
		{A2D0DB2E-3258-AA4D-8099-5DD0C7C60F7D}.Release|x64.ActiveCfg = Release|Any CPU
		{A2D0DB2E-3258-AA4D-8099-5DD0C7C60F7D}.Release|x64.Build.0 = Release|Any CPU
		{A2D0DB2E-3258-AA4D-8099-5DD0C7C60F7D}.Release|x64.Deploy.0 = Release|Any CPU
		{04B77157-0AA6-9355-C4FC-83D5055EEC2F}.Debug|Any CPU.ActiveCfg = Debug|Any CPU
		{04B77157-0AA6-9355-C4FC-83D5055EEC2F}.Debug|Any CPU.Build.0 = Debug|Any CPU
		{04B77157-0AA6-9355-C4FC-83D5055EEC2F}.Debug|x64.ActiveCfg = Debug|Any CPU
		{04B77157-0AA6-9355-C4FC-83D5055EEC2F}.Debug|x64.Build.0 = Debug|Any CPU
		{04B77157-0AA6-9355-C4FC-83D5055EEC2F}.Debug-Linux|Any CPU.ActiveCfg = Debug|Any CPU
		{04B77157-0AA6-9355-C4FC-83D5055EEC2F}.Debug-Linux|Any CPU.Build.0 = Debug|Any CPU
		{04B77157-0AA6-9355-C4FC-83D5055EEC2F}.Debug-Linux|x64.ActiveCfg = Debug|Any CPU
		{04B77157-0AA6-9355-C4FC-83D5055EEC2F}.Debug-Linux|x64.Build.0 = Debug|Any CPU
		{04B77157-0AA6-9355-C4FC-83D5055EEC2F}.Release|Any CPU.ActiveCfg = Release|Any CPU
		{04B77157-0AA6-9355-C4FC-83D5055EEC2F}.Release|Any CPU.Build.0 = Release|Any CPU
		{04B77157-0AA6-9355-C4FC-83D5055EEC2F}.Release|x64.ActiveCfg = Release|Any CPU
		{04B77157-0AA6-9355-C4FC-83D5055EEC2F}.Release|x64.Build.0 = Release|Any CPU
	EndGlobalSection
	GlobalSection(SolutionProperties) = preSolution
		HideSolutionNode = FALSE
	EndGlobalSection
EndGlobal
